{
  "object": {
    "pins": [
      {
        "package": "ComposableRequest",
        "repositoryURL": "https://github.com/sbertix/ComposableRequest",
        "state": {
          "branch": null,
          "revision": "94d352389a9f9e5c82f882747c81b72873702c02",
          "version": "4.3.2"
        }
      },
      {
        "package": "SDWebImage",
        "repositoryURL": "https://github.com/SDWebImage/SDWebImage.git",
        "state": {
          "branch": null,
          "revision": "76dd4b49110b8624317fc128e7fa0d8a252018bc",
          "version": "5.11.1"
        }
      },
      {
        "package": "SwCrypt",
        "repositoryURL": "https://github.com/sbertix/SwCrypt",
        "state": {
          "branch": null,
          "revision": "e850285c2dadd4343be9465adc67cd717a64792f",
          "version": "5.1.4"
        }
      },
      {
        "package": "Swiftagram",
        "repositoryURL": "https://github.com/sbertix/Swiftagram.git",
        "state": {
          "branch": null,
          "revision": "212e1413f7b117885b703d0e6cb1a7a134aa5d5f",
          "version": "4.2.10"
        }
      },
      {
        "package": "Swiftchain",
        "repositoryURL": "https://github.com/sbertix/Swiftchain.git",
        "state": {
          "branch": null,
          "revision": "ab0409e62f1629bc1a153f41dec5856a3c05a548",
          "version": "1.0.5"
        }
      }
    ]
  },
  "version": 1
}
