// !$*UTF8*$!
{
	archiveVersion = 1;
	classes = {
	};
	objectVersion = 52;
	objects = {

/* Begin PBXBuildFile section */
		175B5B2125C1F9C7000CF7D4 /* AppDelegate.swift in Sources */ = {isa = PBXBuildFile; fileRef = 175B5B2025C1F9C7000CF7D4 /* AppDelegate.swift */; };
		175B5B2325C1F9C7000CF7D4 /* SceneDelegate.swift in Sources */ = {isa = PBXBuildFile; fileRef = 175B5B2225C1F9C7000CF7D4 /* SceneDelegate.swift */; };
		175B5B2525C1F9C7000CF7D4 /* ViewController.swift in Sources */ = {isa = PBXBuildFile; fileRef = 175B5B2425C1F9C7000CF7D4 /* ViewController.swift */; };
		175B5B2825C1F9C7000CF7D4 /* Main.storyboard in Resources */ = {isa = PBXBuildFile; fileRef = 175B5B2625C1F9C7000CF7D4 /* Main.storyboard */; };
		175B5B2A25C1F9C8000CF7D4 /* Assets.xcassets in Resources */ = {isa = PBXBuildFile; fileRef = 175B5B2925C1F9C8000CF7D4 /* Assets.xcassets */; };
		175B5B2D25C1F9C8000CF7D4 /* LaunchScreen.storyboard in Resources */ = {isa = PBXBuildFile; fileRef = 175B5B2B25C1F9C8000CF7D4 /* LaunchScreen.storyboard */; };
		175B5B3C25C1F9EE000CF7D4 /* ShareViewController.swift in Sources */ = {isa = PBXBuildFile; fileRef = 175B5B3B25C1F9EE000CF7D4 /* ShareViewController.swift */; };
		175B5B3F25C1F9EE000CF7D4 /* MainInterface.storyboard in Resources */ = {isa = PBXBuildFile; fileRef = 175B5B3D25C1F9EE000CF7D4 /* MainInterface.storyboard */; };
		175B5B4325C1F9EE000CF7D4 /* LumiereShare.appex in Embed App Extensions */ = {isa = PBXBuildFile; fileRef = 175B5B3925C1F9EE000CF7D4 /* LumiereShare.appex */; settings = {ATTRIBUTES = (RemoveHeadersOnCopy, ); }; };
		175B5B4C25C1FB0A000CF7D4 /* SwiftagramCrypto in Frameworks */ = {isa = PBXBuildFile; productRef = 175B5B4B25C1FB0A000CF7D4 /* SwiftagramCrypto */; };
		175B5B4E25C1FB0A000CF7D4 /* Swiftagram in Frameworks */ = {isa = PBXBuildFile; productRef = 175B5B4D25C1FB0A000CF7D4 /* Swiftagram */; };
		175B5B5325C1FBCB000CF7D4 /* SDWebImage in Frameworks */ = {isa = PBXBuildFile; productRef = 175B5B5225C1FBCB000CF7D4 /* SDWebImage */; };
/* End PBXBuildFile section */

/* Begin PBXContainerItemProxy section */
		175B5B4125C1F9EE000CF7D4 /* PBXContainerItemProxy */ = {
			isa = PBXContainerItemProxy;
			containerPortal = 175B5B1525C1F9C7000CF7D4 /* Project object */;
			proxyType = 1;
			remoteGlobalIDString = 175B5B3825C1F9EE000CF7D4;
			remoteInfo = LumiereShare;
		};
/* End PBXContainerItemProxy section */

/* Begin PBXCopyFilesBuildPhase section */
		175B5B4725C1F9EE000CF7D4 /* Embed App Extensions */ = {
			isa = PBXCopyFilesBuildPhase;
			buildActionMask = 2147483647;
			dstPath = "";
			dstSubfolderSpec = 13;
			files = (
				175B5B4325C1F9EE000CF7D4 /* LumiereShare.appex in Embed App Extensions */,
			);
			name = "Embed App Extensions";
			runOnlyForDeploymentPostprocessing = 0;
		};
/* End PBXCopyFilesBuildPhase section */

/* Begin PBXFileReference section */
		175B5B1D25C1F9C7000CF7D4 /* Lumiere.app */ = {isa = PBXFileReference; explicitFileType = wrapper.application; includeInIndex = 0; path = Lumiere.app; sourceTree = BUILT_PRODUCTS_DIR; };
		175B5B2025C1F9C7000CF7D4 /* AppDelegate.swift */ = {isa = PBXFileReference; lastKnownFileType = sourcecode.swift; path = AppDelegate.swift; sourceTree = "<group>"; };
		175B5B2225C1F9C7000CF7D4 /* SceneDelegate.swift */ = {isa = PBXFileReference; lastKnownFileType = sourcecode.swift; path = SceneDelegate.swift; sourceTree = "<group>"; };
		175B5B2425C1F9C7000CF7D4 /* ViewController.swift */ = {isa = PBXFileReference; lastKnownFileType = sourcecode.swift; path = ViewController.swift; sourceTree = "<group>"; };
		175B5B2725C1F9C7000CF7D4 /* Base */ = {isa = PBXFileReference; lastKnownFileType = file.storyboard; name = Base; path = Base.lproj/Main.storyboard; sourceTree = "<group>"; };
		175B5B2925C1F9C8000CF7D4 /* Assets.xcassets */ = {isa = PBXFileReference; lastKnownFileType = folder.assetcatalog; path = Assets.xcassets; sourceTree = "<group>"; };
		175B5B2C25C1F9C8000CF7D4 /* Base */ = {isa = PBXFileReference; lastKnownFileType = file.storyboard; name = Base; path = Base.lproj/LaunchScreen.storyboard; sourceTree = "<group>"; };
		175B5B2E25C1F9C8000CF7D4 /* Info.plist */ = {isa = PBXFileReference; lastKnownFileType = text.plist.xml; path = Info.plist; sourceTree = "<group>"; };
		175B5B3925C1F9EE000CF7D4 /* LumiereShare.appex */ = {isa = PBXFileReference; explicitFileType = "wrapper.app-extension"; includeInIndex = 0; path = LumiereShare.appex; sourceTree = BUILT_PRODUCTS_DIR; };
		175B5B3B25C1F9EE000CF7D4 /* ShareViewController.swift */ = {isa = PBXFileReference; lastKnownFileType = sourcecode.swift; path = ShareViewController.swift; sourceTree = "<group>"; };
		175B5B3E25C1F9EE000CF7D4 /* Base */ = {isa = PBXFileReference; lastKnownFileType = file.storyboard; name = Base; path = Base.lproj/MainInterface.storyboard; sourceTree = "<group>"; };
		175B5B4025C1F9EE000CF7D4 /* Info.plist */ = {isa = PBXFileReference; lastKnownFileType = text.plist.xml; path = Info.plist; sourceTree = "<group>"; };
/* End PBXFileReference section */

/* Begin PBXFrameworksBuildPhase section */
		175B5B1A25C1F9C7000CF7D4 /* Frameworks */ = {
			isa = PBXFrameworksBuildPhase;
			buildActionMask = 2147483647;
			files = (
				175B5B5325C1FBCB000CF7D4 /* SDWebImage in Frameworks */,
				175B5B4C25C1FB0A000CF7D4 /* SwiftagramCrypto in Frameworks */,
				175B5B4E25C1FB0A000CF7D4 /* Swiftagram in Frameworks */,
			);
			runOnlyForDeploymentPostprocessing = 0;
		};
		175B5B3625C1F9EE000CF7D4 /* Frameworks */ = {
			isa = PBXFrameworksBuildPhase;
			buildActionMask = 2147483647;
			files = (
			);
			runOnlyForDeploymentPostprocessing = 0;
		};
/* End PBXFrameworksBuildPhase section */

/* Begin PBXGroup section */
		175B5B1425C1F9C7000CF7D4 = {
			isa = PBXGroup;
			children = (
				175B5B1F25C1F9C7000CF7D4 /* Lumiere */,
				175B5B3A25C1F9EE000CF7D4 /* LumiereShare */,
				175B5B1E25C1F9C7000CF7D4 /* Products */,
			);
			sourceTree = "<group>";
		};
		175B5B1E25C1F9C7000CF7D4 /* Products */ = {
			isa = PBXGroup;
			children = (
				175B5B1D25C1F9C7000CF7D4 /* Lumiere.app */,
				175B5B3925C1F9EE000CF7D4 /* LumiereShare.appex */,
			);
			name = Products;
			sourceTree = "<group>";
		};
		175B5B1F25C1F9C7000CF7D4 /* Lumiere */ = {
			isa = PBXGroup;
			children = (
				175B5B2025C1F9C7000CF7D4 /* AppDelegate.swift */,
				175B5B2225C1F9C7000CF7D4 /* SceneDelegate.swift */,
				175B5B2425C1F9C7000CF7D4 /* ViewController.swift */,
				175B5B2625C1F9C7000CF7D4 /* Main.storyboard */,
				175B5B2925C1F9C8000CF7D4 /* Assets.xcassets */,
				175B5B2B25C1F9C8000CF7D4 /* LaunchScreen.storyboard */,
				175B5B2E25C1F9C8000CF7D4 /* Info.plist */,
			);
			path = Lumiere;
			sourceTree = "<group>";
		};
		175B5B3A25C1F9EE000CF7D4 /* LumiereShare */ = {
			isa = PBXGroup;
			children = (
				175B5B3B25C1F9EE000CF7D4 /* ShareViewController.swift */,
				175B5B3D25C1F9EE000CF7D4 /* MainInterface.storyboard */,
				175B5B4025C1F9EE000CF7D4 /* Info.plist */,
			);
			path = LumiereShare;
			sourceTree = "<group>";
		};
/* End PBXGroup section */

/* Begin PBXNativeTarget section */
		175B5B1C25C1F9C7000CF7D4 /* Lumiere */ = {
			isa = PBXNativeTarget;
			buildConfigurationList = 175B5B3125C1F9C8000CF7D4 /* Build configuration list for PBXNativeTarget "Lumiere" */;
			buildPhases = (
				175B5B1925C1F9C7000CF7D4 /* Sources */,
				175B5B1A25C1F9C7000CF7D4 /* Frameworks */,
				175B5B1B25C1F9C7000CF7D4 /* Resources */,
				175B5B4725C1F9EE000CF7D4 /* Embed App Extensions */,
			);
			buildRules = (
			);
			dependencies = (
				175B5B4225C1F9EE000CF7D4 /* PBXTargetDependency */,
			);
			name = Lumiere;
			packageProductDependencies = (
				175B5B4B25C1FB0A000CF7D4 /* SwiftagramCrypto */,
				175B5B4D25C1FB0A000CF7D4 /* Swiftagram */,
				175B5B5225C1FBCB000CF7D4 /* SDWebImage */,
			);
			productName = Lumiere;
			productReference = 175B5B1D25C1F9C7000CF7D4 /* Lumiere.app */;
			productType = "com.apple.product-type.application";
		};
		175B5B3825C1F9EE000CF7D4 /* LumiereShare */ = {
			isa = PBXNativeTarget;
			buildConfigurationList = 175B5B4425C1F9EE000CF7D4 /* Build configuration list for PBXNativeTarget "LumiereShare" */;
			buildPhases = (
				175B5B3525C1F9EE000CF7D4 /* Sources */,
				175B5B3625C1F9EE000CF7D4 /* Frameworks */,
				175B5B3725C1F9EE000CF7D4 /* Resources */,
			);
			buildRules = (
			);
			dependencies = (
			);
			name = LumiereShare;
			productName = LumiereShare;
			productReference = 175B5B3925C1F9EE000CF7D4 /* LumiereShare.appex */;
			productType = "com.apple.product-type.app-extension";
		};
/* End PBXNativeTarget section */

/* Begin PBXProject section */
		175B5B1525C1F9C7000CF7D4 /* Project object */ = {
			isa = PBXProject;
			attributes = {
				LastSwiftUpdateCheck = 1220;
				LastUpgradeCheck = 1220;
				TargetAttributes = {
					175B5B1C25C1F9C7000CF7D4 = {
						CreatedOnToolsVersion = 12.2;
					};
					175B5B3825C1F9EE000CF7D4 = {
						CreatedOnToolsVersion = 12.2;
					};
				};
			};
			buildConfigurationList = 175B5B1825C1F9C7000CF7D4 /* Build configuration list for PBXProject "Lumiere" */;
			compatibilityVersion = "Xcode 9.3";
			developmentRegion = en;
			hasScannedForEncodings = 0;
			knownRegions = (
				en,
				Base,
			);
			mainGroup = 175B5B1425C1F9C7000CF7D4;
			packageReferences = (
				175B5B4A25C1FB0A000CF7D4 /* XCRemoteSwiftPackageReference "Swiftagram" */,
				175B5B5125C1FBCB000CF7D4 /* XCRemoteSwiftPackageReference "SDWebImage" */,
			);
			productRefGroup = 175B5B1E25C1F9C7000CF7D4 /* Products */;
			projectDirPath = "";
			projectRoot = "";
			targets = (
				175B5B1C25C1F9C7000CF7D4 /* Lumiere */,
				175B5B3825C1F9EE000CF7D4 /* LumiereShare */,
			);
		};
/* End PBXProject section */

/* Begin PBXResourcesBuildPhase section */
		175B5B1B25C1F9C7000CF7D4 /* Resources */ = {
			isa = PBXResourcesBuildPhase;
			buildActionMask = 2147483647;
			files = (
				175B5B2D25C1F9C8000CF7D4 /* LaunchScreen.storyboard in Resources */,
				175B5B2A25C1F9C8000CF7D4 /* Assets.xcassets in Resources */,
				175B5B2825C1F9C7000CF7D4 /* Main.storyboard in Resources */,
			);
			runOnlyForDeploymentPostprocessing = 0;
		};
		175B5B3725C1F9EE000CF7D4 /* Resources */ = {
			isa = PBXResourcesBuildPhase;
			buildActionMask = 2147483647;
			files = (
				175B5B3F25C1F9EE000CF7D4 /* MainInterface.storyboard in Resources */,
			);
			runOnlyForDeploymentPostprocessing = 0;
		};
/* End PBXResourcesBuildPhase section */

/* Begin PBXSourcesBuildPhase section */
		175B5B1925C1F9C7000CF7D4 /* Sources */ = {
			isa = PBXSourcesBuildPhase;
			buildActionMask = 2147483647;
			files = (
				175B5B2525C1F9C7000CF7D4 /* ViewController.swift in Sources */,
				175B5B2125C1F9C7000CF7D4 /* AppDelegate.swift in Sources */,
				175B5B2325C1F9C7000CF7D4 /* SceneDelegate.swift in Sources */,
			);
			runOnlyForDeploymentPostprocessing = 0;
		};
		175B5B3525C1F9EE000CF7D4 /* Sources */ = {
			isa = PBXSourcesBuildPhase;
			buildActionMask = 2147483647;
			files = (
				175B5B3C25C1F9EE000CF7D4 /* ShareViewController.swift in Sources */,
			);
			runOnlyForDeploymentPostprocessing = 0;
		};
/* End PBXSourcesBuildPhase section */

/* Begin PBXTargetDependency section */
		175B5B4225C1F9EE000CF7D4 /* PBXTargetDependency */ = {
			isa = PBXTargetDependency;
			target = 175B5B3825C1F9EE000CF7D4 /* LumiereShare */;
			targetProxy = 175B5B4125C1F9EE000CF7D4 /* PBXContainerItemProxy */;
		};
/* End PBXTargetDependency section */

/* Begin PBXVariantGroup section */
		175B5B2625C1F9C7000CF7D4 /* Main.storyboard */ = {
			isa = PBXVariantGroup;
			children = (
				175B5B2725C1F9C7000CF7D4 /* Base */,
			);
			name = Main.storyboard;
			sourceTree = "<group>";
		};
		175B5B2B25C1F9C8000CF7D4 /* LaunchScreen.storyboard */ = {
			isa = PBXVariantGroup;
			children = (
				175B5B2C25C1F9C8000CF7D4 /* Base */,
			);
			name = LaunchScreen.storyboard;
			sourceTree = "<group>";
		};
		175B5B3D25C1F9EE000CF7D4 /* MainInterface.storyboard */ = {
			isa = PBXVariantGroup;
			children = (
				175B5B3E25C1F9EE000CF7D4 /* Base */,
			);
			name = MainInterface.storyboard;
			sourceTree = "<group>";
		};
/* End PBXVariantGroup section */

/* Begin XCBuildConfiguration section */
		175B5B2F25C1F9C8000CF7D4 /* Debug */ = {
			isa = XCBuildConfiguration;
			buildSettings = {
				ALWAYS_SEARCH_USER_PATHS = NO;
				CLANG_ANALYZER_NONNULL = YES;
				CLANG_ANALYZER_NUMBER_OBJECT_CONVERSION = YES_AGGRESSIVE;
				CLANG_CXX_LANGUAGE_STANDARD = "gnu++14";
				CLANG_CXX_LIBRARY = "libc++";
				CLANG_ENABLE_MODULES = YES;
				CLANG_ENABLE_OBJC_ARC = YES;
				CLANG_ENABLE_OBJC_WEAK = YES;
				CLANG_WARN_BLOCK_CAPTURE_AUTORELEASING = YES;
				CLANG_WARN_BOOL_CONVERSION = YES;
				CLANG_WARN_COMMA = YES;
				CLANG_WARN_CONSTANT_CONVERSION = YES;
				CLANG_WARN_DEPRECATED_OBJC_IMPLEMENTATIONS = YES;
				CLANG_WARN_DIRECT_OBJC_ISA_USAGE = YES_ERROR;
				CLANG_WARN_DOCUMENTATION_COMMENTS = YES;
				CLANG_WARN_EMPTY_BODY = YES;
				CLANG_WARN_ENUM_CONVERSION = YES;
				CLANG_WARN_INFINITE_RECURSION = YES;
				CLANG_WARN_INT_CONVERSION = YES;
				CLANG_WARN_NON_LITERAL_NULL_CONVERSION = YES;
				CLANG_WARN_OBJC_IMPLICIT_RETAIN_SELF = YES;
				CLANG_WARN_OBJC_LITERAL_CONVERSION = YES;
				CLANG_WARN_OBJC_ROOT_CLASS = YES_ERROR;
				CLANG_WARN_QUOTED_INCLUDE_IN_FRAMEWORK_HEADER = YES;
				CLANG_WARN_RANGE_LOOP_ANALYSIS = YES;
				CLANG_WARN_STRICT_PROTOTYPES = YES;
				CLANG_WARN_SUSPICIOUS_MOVE = YES;
				CLANG_WARN_UNGUARDED_AVAILABILITY = YES_AGGRESSIVE;
				CLANG_WARN_UNREACHABLE_CODE = YES;
				CLANG_WARN__DUPLICATE_METHOD_MATCH = YES;
				COPY_PHASE_STRIP = NO;
				DEBUG_INFORMATION_FORMAT = dwarf;
				ENABLE_STRICT_OBJC_MSGSEND = YES;
				ENABLE_TESTABILITY = YES;
				GCC_C_LANGUAGE_STANDARD = gnu11;
				GCC_DYNAMIC_NO_PIC = NO;
				GCC_NO_COMMON_BLOCKS = YES;
				GCC_OPTIMIZATION_LEVEL = 0;
				GCC_PREPROCESSOR_DEFINITIONS = (
					"DEBUG=1",
					"$(inherited)",
				);
				GCC_WARN_64_TO_32_BIT_CONVERSION = YES;
				GCC_WARN_ABOUT_RETURN_TYPE = YES_ERROR;
				GCC_WARN_UNDECLARED_SELECTOR = YES;
				GCC_WARN_UNINITIALIZED_AUTOS = YES_AGGRESSIVE;
				GCC_WARN_UNUSED_FUNCTION = YES;
				GCC_WARN_UNUSED_VARIABLE = YES;
				IPHONEOS_DEPLOYMENT_TARGET = 14.2;
				MTL_ENABLE_DEBUG_INFO = INCLUDE_SOURCE;
				MTL_FAST_MATH = YES;
				ONLY_ACTIVE_ARCH = YES;
				SDKROOT = iphoneos;
				SWIFT_ACTIVE_COMPILATION_CONDITIONS = DEBUG;
				SWIFT_OPTIMIZATION_LEVEL = "-Onone";
			};
			name = Debug;
		};
		175B5B3025C1F9C8000CF7D4 /* Release */ = {
			isa = XCBuildConfiguration;
			buildSettings = {
				ALWAYS_SEARCH_USER_PATHS = NO;
				CLANG_ANALYZER_NONNULL = YES;
				CLANG_ANALYZER_NUMBER_OBJECT_CONVERSION = YES_AGGRESSIVE;
				CLANG_CXX_LANGUAGE_STANDARD = "gnu++14";
				CLANG_CXX_LIBRARY = "libc++";
				CLANG_ENABLE_MODULES = YES;
				CLANG_ENABLE_OBJC_ARC = YES;
				CLANG_ENABLE_OBJC_WEAK = YES;
				CLANG_WARN_BLOCK_CAPTURE_AUTORELEASING = YES;
				CLANG_WARN_BOOL_CONVERSION = YES;
				CLANG_WARN_COMMA = YES;
				CLANG_WARN_CONSTANT_CONVERSION = YES;
				CLANG_WARN_DEPRECATED_OBJC_IMPLEMENTATIONS = YES;
				CLANG_WARN_DIRECT_OBJC_ISA_USAGE = YES_ERROR;
				CLANG_WARN_DOCUMENTATION_COMMENTS = YES;
				CLANG_WARN_EMPTY_BODY = YES;
				CLANG_WARN_ENUM_CONVERSION = YES;
				CLANG_WARN_INFINITE_RECURSION = YES;
				CLANG_WARN_INT_CONVERSION = YES;
				CLANG_WARN_NON_LITERAL_NULL_CONVERSION = YES;
				CLANG_WARN_OBJC_IMPLICIT_RETAIN_SELF = YES;
				CLANG_WARN_OBJC_LITERAL_CONVERSION = YES;
				CLANG_WARN_OBJC_ROOT_CLASS = YES_ERROR;
				CLANG_WARN_QUOTED_INCLUDE_IN_FRAMEWORK_HEADER = YES;
				CLANG_WARN_RANGE_LOOP_ANALYSIS = YES;
				CLANG_WARN_STRICT_PROTOTYPES = YES;
				CLANG_WARN_SUSPICIOUS_MOVE = YES;
				CLANG_WARN_UNGUARDED_AVAILABILITY = YES_AGGRESSIVE;
				CLANG_WARN_UNREACHABLE_CODE = YES;
				CLANG_WARN__DUPLICATE_METHOD_MATCH = YES;
				COPY_PHASE_STRIP = NO;
				DEBUG_INFORMATION_FORMAT = "dwarf-with-dsym";
				ENABLE_NS_ASSERTIONS = NO;
				ENABLE_STRICT_OBJC_MSGSEND = YES;
				GCC_C_LANGUAGE_STANDARD = gnu11;
				GCC_NO_COMMON_BLOCKS = YES;
				GCC_WARN_64_TO_32_BIT_CONVERSION = YES;
				GCC_WARN_ABOUT_RETURN_TYPE = YES_ERROR;
				GCC_WARN_UNDECLARED_SELECTOR = YES;
				GCC_WARN_UNINITIALIZED_AUTOS = YES_AGGRESSIVE;
				GCC_WARN_UNUSED_FUNCTION = YES;
				GCC_WARN_UNUSED_VARIABLE = YES;
				IPHONEOS_DEPLOYMENT_TARGET = 14.2;
				MTL_ENABLE_DEBUG_INFO = NO;
				MTL_FAST_MATH = YES;
				SDKROOT = iphoneos;
				SWIFT_COMPILATION_MODE = wholemodule;
				SWIFT_OPTIMIZATION_LEVEL = "-O";
				VALIDATE_PRODUCT = YES;
			};
			name = Release;
		};
		175B5B3225C1F9C8000CF7D4 /* Debug */ = {
			isa = XCBuildConfiguration;
			buildSettings = {
				ALWAYS_EMBED_SWIFT_STANDARD_LIBRARIES = YES;
				ASSETCATALOG_COMPILER_APPICON_NAME = AppIcon;
				ASSETCATALOG_COMPILER_GLOBAL_ACCENT_COLOR_NAME = AccentColor;
				CODE_SIGN_STYLE = Automatic;
				DEVELOPMENT_TEAM = T85MH6Z7M5;
				INFOPLIST_FILE = Lumiere/Info.plist;
				LD_RUNPATH_SEARCH_PATHS = (
					"$(inherited)",
					"@executable_path/Frameworks",
				);
				PRODUCT_BUNDLE_IDENTIFIER = com.aledsamuel.Lumiere;
				PRODUCT_NAME = "$(TARGET_NAME)";
				SWIFT_VERSION = 5.0;
				TARGETED_DEVICE_FAMILY = "1,2";
			};
			name = Debug;
		};
		175B5B3325C1F9C8000CF7D4 /* Release */ = {
			isa = XCBuildConfiguration;
			buildSettings = {
				ALWAYS_EMBED_SWIFT_STANDARD_LIBRARIES = YES;
				ASSETCATALOG_COMPILER_APPICON_NAME = AppIcon;
				ASSETCATALOG_COMPILER_GLOBAL_ACCENT_COLOR_NAME = AccentColor;
				CODE_SIGN_STYLE = Automatic;
				DEVELOPMENT_TEAM = T85MH6Z7M5;
				INFOPLIST_FILE = Lumiere/Info.plist;
				LD_RUNPATH_SEARCH_PATHS = (
					"$(inherited)",
					"@executable_path/Frameworks",
				);
				PRODUCT_BUNDLE_IDENTIFIER = com.aledsamuel.Lumiere;
				PRODUCT_NAME = "$(TARGET_NAME)";
				SWIFT_VERSION = 5.0;
				TARGETED_DEVICE_FAMILY = "1,2";
			};
			name = Release;
		};
		175B5B4525C1F9EE000CF7D4 /* Debug */ = {
			isa = XCBuildConfiguration;
			buildSettings = {
				CODE_SIGN_STYLE = Automatic;
				DEVELOPMENT_TEAM = T85MH6Z7M5;
				INFOPLIST_FILE = LumiereShare/Info.plist;
				LD_RUNPATH_SEARCH_PATHS = (
					"$(inherited)",
					"@executable_path/Frameworks",
					"@executable_path/../../Frameworks",
				);
				PRODUCT_BUNDLE_IDENTIFIER = com.aledsamuel.Lumiere.LumiereShare;
				PRODUCT_NAME = "$(TARGET_NAME)";
				SKIP_INSTALL = YES;
				SWIFT_VERSION = 5.0;
				TARGETED_DEVICE_FAMILY = "1,2";
			};
			name = Debug;
		};
		175B5B4625C1F9EE000CF7D4 /* Release */ = {
			isa = XCBuildConfiguration;
			buildSettings = {
				CODE_SIGN_STYLE = Automatic;
				DEVELOPMENT_TEAM = T85MH6Z7M5;
				INFOPLIST_FILE = LumiereShare/Info.plist;
				LD_RUNPATH_SEARCH_PATHS = (
					"$(inherited)",
					"@executable_path/Frameworks",
					"@executable_path/../../Frameworks",
				);
				PRODUCT_BUNDLE_IDENTIFIER = com.aledsamuel.Lumiere.LumiereShare;
				PRODUCT_NAME = "$(TARGET_NAME)";
				SKIP_INSTALL = YES;
				SWIFT_VERSION = 5.0;
				TARGETED_DEVICE_FAMILY = "1,2";
			};
			name = Release;
		};
/* End XCBuildConfiguration section */

/* Begin XCConfigurationList section */
		175B5B1825C1F9C7000CF7D4 /* Build configuration list for PBXProject "Lumiere" */ = {
			isa = XCConfigurationList;
			buildConfigurations = (
				175B5B2F25C1F9C8000CF7D4 /* Debug */,
				175B5B3025C1F9C8000CF7D4 /* Release */,
			);
			defaultConfigurationIsVisible = 0;
			defaultConfigurationName = Release;
		};
		175B5B3125C1F9C8000CF7D4 /* Build configuration list for PBXNativeTarget "Lumiere" */ = {
			isa = XCConfigurationList;
			buildConfigurations = (
				175B5B3225C1F9C8000CF7D4 /* Debug */,
				175B5B3325C1F9C8000CF7D4 /* Release */,
			);
			defaultConfigurationIsVisible = 0;
			defaultConfigurationName = Release;
		};
		175B5B4425C1F9EE000CF7D4 /* Build configuration list for PBXNativeTarget "LumiereShare" */ = {
			isa = XCConfigurationList;
			buildConfigurations = (
				175B5B4525C1F9EE000CF7D4 /* Debug */,
				175B5B4625C1F9EE000CF7D4 /* Release */,
			);
			defaultConfigurationIsVisible = 0;
			defaultConfigurationName = Release;
		};
/* End XCConfigurationList section */

/* Begin XCRemoteSwiftPackageReference section */
		175B5B4A25C1FB0A000CF7D4 /* XCRemoteSwiftPackageReference "Swiftagram" */ = {
			isa = XCRemoteSwiftPackageReference;
			repositoryURL = "https://github.com/sbertix/Swiftagram.git";
			requirement = {
				kind = upToNextMajorVersion;
				minimumVersion = 4.2.10;
			};
		};
		175B5B5125C1FBCB000CF7D4 /* XCRemoteSwiftPackageReference "SDWebImage" */ = {
			isa = XCRemoteSwiftPackageReference;
			repositoryURL = "https://github.com/SDWebImage/SDWebImage.git";
			requirement = {
				kind = upToNextMajorVersion;
				minimumVersion = 5.10.3;
			};
		};
/* End XCRemoteSwiftPackageReference section */

/* Begin XCSwiftPackageProductDependency section */
		175B5B4B25C1FB0A000CF7D4 /* SwiftagramCrypto */ = {
			isa = XCSwiftPackageProductDependency;
			package = 175B5B4A25C1FB0A000CF7D4 /* XCRemoteSwiftPackageReference "Swiftagram" */;
			productName = SwiftagramCrypto;
		};
		175B5B4D25C1FB0A000CF7D4 /* Swiftagram */ = {
			isa = XCSwiftPackageProductDependency;
			package = 175B5B4A25C1FB0A000CF7D4 /* XCRemoteSwiftPackageReference "Swiftagram" */;
			productName = Swiftagram;
		};
		175B5B5225C1FBCB000CF7D4 /* SDWebImage */ = {
			isa = XCSwiftPackageProductDependency;
			package = 175B5B5125C1FBCB000CF7D4 /* XCRemoteSwiftPackageReference "SDWebImage" */;
			productName = SDWebImage;
		};
/* End XCSwiftPackageProductDependency section */
	};
	rootObject = 175B5B1525C1F9C7000CF7D4 /* Project object */;
}
